
Microsoft Visual Studio Solution File, Format Version 12.00
# Visual Studio Version 16
VisualStudioVersion = 16.0.29519.87
MinimumVisualStudioVersion = 10.0.40219.1
Project("{FAE04EC0-301F-11D3-BF4B-00C04F79EFBC}") = "Vidly", "Vidly.csproj", "{0BDCE6F3-F2AA-4202-87EC-752F347F83D5}"
EndProject
Global
	GlobalSection(SolutionConfigurationPlatforms) = preSolution
		Debug|Any CPU = Debug|Any CPU
		Release|Any CPU = Release|Any CPU
	EndGlobalSection
	GlobalSection(ProjectConfigurationPlatforms) = postSolution
		{0BDCE6F3-F2AA-4202-87EC-752F347F83D5}.Debug|Any CPU.ActiveCfg = Debug|Any CPU
		{0BDCE6F3-F2AA-4202-87EC-752F347F83D5}.Debug|Any CPU.Build.0 = Debug|Any CPU
		{0BDCE6F3-F2AA-4202-87EC-752F347F83D5}.Release|Any CPU.ActiveCfg = Release|Any CPU
		{0BDCE6F3-F2AA-4202-87EC-752F347F83D5}.Release|Any CPU.Build.0 = Release|Any CPU
	EndGlobalSection
	GlobalSection(SolutionProperties) = preSolution
		HideSolutionNode = FALSE
	EndGlobalSection
	GlobalSection(ExtensibilityGlobals) = postSolution
		SolutionGuid = {59614A65-B3E5-4E33-9FD7-CF566BA30875}
	EndGlobalSection
EndGlobal
